<?xml version="1.0" encoding="utf-8"?>
<Project ToolsVersion="4.0" xmlns="http://schemas.microsoft.com/developer/msbuild/2003">
  <ItemGroup>
    <Filter Include="Source Files">
      <UniqueIdentifier>{50b7b5ee-681d-43ec-ad33-3558a7808091}</UniqueIdentifier>
      <Extensions>cpp;c;cxx;rc;def;r;odl;hpj;bat;for;f90</Extensions>
    </Filter>
    <Filter Include="Header Files">
      <UniqueIdentifier>{f5b48dac-8ae4-4cd3-bff1-0daa2ed1cd10}</UniqueIdentifier>
      <Extensions>h;hpp;hxx;hm;inl;fi;fd</Extensions>
    </Filter>
    <Filter Include="Resource Files">
      <UniqueIdentifier>{f89af95c-2e33-486e-bd5b-c4d4d0093635}</UniqueIdentifier>
      <Extensions>ico;cur;bmp;dlg;rc2;rct;bin;cnt;rtf;gif;jpg;jpeg;jpe</Extensions>
    </Filter>
  </ItemGroup>
  <ItemGroup>
    <ClCompile Include="factory.cpp">
      <Filter>Source Files</Filter>
    </ClCompile>
    <ClCompile Include="gline.cpp">
      <Filter>Source Files</Filter>
    </ClCompile>
    <ClCompile Include="grdelem.cpp">
      <Filter>Source Files</Filter>
    </ClCompile>
    <ClCompile Include="grid_ovl.cpp">
      <Filter>Source Files</Filter>
    </ClCompile>
    <ClCompile Include="grid_pp.cpp">
      <Filter>Source Files</Filter>
    </ClCompile>
    <ClCompile Include="label.cpp">
      <Filter>Source Files</Filter>
    </ClCompile>
    <ClCompile Include="spacing.cpp">
      <Filter>Source Files</Filter>
    </ClCompile>
    <ClCompile Include="StdAfx.cpp">
      <Filter>Source Files</Filter>
    </ClCompile>
    <ClCompile Include="tickmark.cpp">
      <Filter>Source Files</Filter>
    </ClCompile>
  </ItemGroup>
  <ItemGroup>
    <ClInclude Include="factory.h">
      <Filter>Header Files</Filter>
    </ClInclude>
    <ClInclude Include="gline.h">
      <Filter>Header Files</Filter>
    </ClInclude>
    <ClInclude Include="grdelem.h">
      <Filter>Header Files</Filter>
    </ClInclude>
    <ClInclude Include="..\include\grid_map.h">
      <Filter>Header Files</Filter>
    </ClInclude>
    <ClInclude Include="grid_map_d.h">
      <Filter>Header Files</Filter>
    </ClInclude>
    <ClInclude Include="grid_pp.h">
      <Filter>Header Files</Filter>
    </ClInclude>
    <ClInclude Include="label.h">
      <Filter>Header Files</Filter>
    </ClInclude>
    <ClInclude Include="spacing.h">
      <Filter>Header Files</Filter>
    </ClInclude>
    <ClInclude Include="tickmark.h">
      <Filter>Header Files</Filter>
    </ClInclude>
    <ClInclude Include="stdafx.h">
      <Filter>Header Files</Filter>
    </ClInclude>
  </ItemGroup>
</Project>