<?xml version="1.0" encoding="utf-8"?>
<Project ToolsVersion="4.0" xmlns="http://schemas.microsoft.com/developer/msbuild/2003">
  <ItemGroup>
    <Filter Include="Source Files">
      <UniqueIdentifier>{a9218a15-1c40-4871-ad71-b9a35cb97e96}</UniqueIdentifier>
      <Extensions>cpp;c;cxx;rc;def;r;odl;idl;hpj;bat</Extensions>
    </Filter>
    <Filter Include="Header Files">
      <UniqueIdentifier>{c88b139d-5304-4f34-afe0-8ff6983a8a36}</UniqueIdentifier>
      <Extensions>h;hpp;hxx;hm;inl</Extensions>
    </Filter>
  </ItemGroup>
  <ItemGroup>
    <ClCompile Include="ar_dlg.cpp">
      <Filter>Source Files</Filter>
    </ClCompile>
    <ClCompile Include="ar_edit.cpp">
      <Filter>Source Files</Filter>
    </ClCompile>
    <ClCompile Include="ar_file.cpp">
      <Filter>Source Files</Filter>
    </ClCompile>
    <ClCompile Include="ar_mouse.cpp">
      <Filter>Source Files</Filter>
    </ClCompile>
    <ClCompile Include="ar_point.cpp">
      <Filter>Source Files</Filter>
    </ClCompile>
    <ClCompile Include="ar_route.cpp">
      <Filter>Source Files</Filter>
    </ClCompile>
    <ClCompile Include="ar_util.cpp">
      <Filter>Source Files</Filter>
    </ClCompile>
    <ClCompile Include="aredt_pp.cpp">
      <Filter>Source Files</Filter>
    </ClCompile>
    <ClCompile Include="factory.cpp">
      <Filter>Source Files</Filter>
    </ClCompile>
    <ClCompile Include="infodlg.cpp">
      <Filter>Source Files</Filter>
    </ClCompile>
    <ClCompile Include="pntinfo.cpp">
      <Filter>Source Files</Filter>
    </ClCompile>
    <ClCompile Include="StdAfx.cpp">
      <Filter>Source Files</Filter>
    </ClCompile>
    <ClCompile Include="TrackOrbitCommandMessageHandler.cpp">
      <Filter>Source Files</Filter>
    </ClCompile>
  </ItemGroup>
  <ItemGroup>
    <ClInclude Include="ar_dlg.h">
      <Filter>Header Files</Filter>
    </ClInclude>
    <ClInclude Include="..\include\ar_edit.h">
      <Filter>Header Files</Filter>
    </ClInclude>
    <ClInclude Include="ar_util.h">
      <Filter>Header Files</Filter>
    </ClInclude>
    <ClInclude Include="aredt_pp.h">
      <Filter>Header Files</Filter>
    </ClInclude>
    <ClInclude Include="factory.h">
      <Filter>Header Files</Filter>
    </ClInclude>
    <ClInclude Include="infodlg.h">
      <Filter>Header Files</Filter>
    </ClInclude>
    <ClInclude Include="pntinfo.h">
      <Filter>Header Files</Filter>
    </ClInclude>
    <ClInclude Include="stdafx.h">
      <Filter>Header Files</Filter>
    </ClInclude>
    <ClInclude Include="TrackOrbitCommandMessageHandler.h">
      <Filter>Header Files</Filter>
    </ClInclude>
  </ItemGroup>
</Project>