<?xml version="1.0" encoding="utf-8"?>
<Project ToolsVersion="4.0" xmlns="http://schemas.microsoft.com/developer/msbuild/2003">
  <ItemGroup>
    <Filter Include="Source Files">
      <UniqueIdentifier>{a7419a50-7638-4736-8b51-09d22c96e50b}</UniqueIdentifier>
      <Extensions>cpp;c;cxx;rc;def;r;odl;hpj;bat;for;f90</Extensions>
    </Filter>
    <Filter Include="Header Files">
      <UniqueIdentifier>{7f96bd8e-acda-48c6-a950-efb62858ab9a}</UniqueIdentifier>
      <Extensions>h;hpp;hxx;hm;inl;fi;fd</Extensions>
    </Filter>
    <Filter Include="Resource Files">
      <UniqueIdentifier>{654a5ade-2762-4c12-8fa3-3a5ea73f123a}</UniqueIdentifier>
      <Extensions>ico;cur;bmp;dlg;rc2;rct;bin;cnt;rtf;gif;jpg;jpeg;jpe</Extensions>
    </Filter>
  </ItemGroup>
  <ItemGroup>
    <ClCompile Include="bldlist.cpp">
      <Filter>Source Files</Filter>
    </ClCompile>
    <ClCompile Include="GeoArc.cpp">
      <Filter>Source Files</Filter>
    </ClCompile>
    <ClCompile Include="GeoBound.cpp">
      <Filter>Source Files</Filter>
    </ClCompile>
    <ClCompile Include="GeoLine.cpp">
      <Filter>Source Files</Filter>
    </ClCompile>
    <ClCompile Include="LinksDlg.cpp">
      <Filter>Source Files</Filter>
    </ClCompile>
    <ClCompile Include="OvlBitmap.cpp">
      <Filter>Source Files</Filter>
    </ClCompile>
    <ClCompile Include="OvlBullseye.cpp">
      <Filter>Source Files</Filter>
    </ClCompile>
    <ClCompile Include="OvlCont.cpp">
      <Filter>Source Files</Filter>
    </ClCompile>
    <ClCompile Include="ovlelem.cpp">
      <Filter>Source Files</Filter>
    </ClCompile>
    <ClCompile Include="OvlElementContainer.cpp">
      <Filter>Source Files</Filter>
    </ClCompile>
    <ClCompile Include="OvlFont.cpp">
      <Filter>Source Files</Filter>
    </ClCompile>
    <ClCompile Include="OvlIcon.cpp">
      <Filter>Source Files</Filter>
    </ClCompile>
    <ClCompile Include="OvlLine.cpp">
      <Filter>Source Files</Filter>
    </ClCompile>
    <ClCompile Include="OvlMask.cpp">
      <Filter>Source Files</Filter>
    </ClCompile>
    <ClCompile Include="OvlMilStd2525.cpp">
      <Filter>Source Files</Filter>
    </ClCompile>
    <ClCompile Include="OvlPen.cpp">
      <Filter>Source Files</Filter>
    </ClCompile>
    <ClCompile Include="OvlPolyg.cpp">
      <Filter>Source Files</Filter>
    </ClCompile>
    <ClCompile Include="ovlprim.cpp">
      <Filter>Source Files</Filter>
    </ClCompile>
    <ClCompile Include="OvlRgn.cpp">
      <Filter>Source Files</Filter>
    </ClCompile>
    <ClCompile Include="OvlSymbol.cpp">
      <Filter>Source Files</Filter>
    </ClCompile>
    <ClCompile Include="OvlText.cpp">
      <Filter>Source Files</Filter>
    </ClCompile>
    <ClCompile Include="Segment.cpp">
      <Filter>Source Files</Filter>
    </ClCompile>
    <ClCompile Include="StdAfx.cpp">
      <Filter>Source Files</Filter>
    </ClCompile>
    <ClCompile Include="OverlayElements.cpp">
      <Filter>Source Files</Filter>
    </ClCompile>
    <ClCompile Include="CameraPositionIndicatorControl.cpp">
      <Filter>Source Files</Filter>
    </ClCompile>
  </ItemGroup>
  <ItemGroup>
    <ClInclude Include="bldlist.h">
      <Filter>Header Files</Filter>
    </ClInclude>
    <ClInclude Include="..\include\LinksDlg.h">
      <Filter>Header Files</Filter>
    </ClInclude>
    <ClInclude Include="..\include\ovlelem.h">
      <Filter>Header Files</Filter>
    </ClInclude>
    <ClInclude Include="..\include\ovlElementContainer.h">
      <Filter>Header Files</Filter>
    </ClInclude>
    <ClInclude Include="ovlprim.h">
      <Filter>Header Files</Filter>
    </ClInclude>
    <ClInclude Include="..\include\OvlTerrainMask.h">
      <Filter>Header Files</Filter>
    </ClInclude>
    <ClInclude Include="..\include\OvlTerrainMaskStatus.h">
      <Filter>Header Files</Filter>
    </ClInclude>
    <ClInclude Include="stdafx.h">
      <Filter>Header Files</Filter>
    </ClInclude>
    <ClInclude Include="..\include\OverlayElements.h">
      <Filter>Header Files</Filter>
    </ClInclude>
    <ClInclude Include="OvlMilStd2525.h">
      <Filter>Header Files</Filter>
    </ClInclude>
    <ClInclude Include="CameraPositionIndicatorControl.h">
      <Filter>Header Files</Filter>
    </ClInclude>
  </ItemGroup>
</Project>