<?xml version="1.0" encoding="utf-8"?>
<Project ToolsVersion="4.0" xmlns="http://schemas.microsoft.com/developer/msbuild/2003">
  <ItemGroup>
    <Filter Include="Source Files">
      <UniqueIdentifier>{277f07f6-13ba-4b38-adf7-a7bca54ec023}</UniqueIdentifier>
      <Extensions>cpp;c;cxx;rc;def;r;odl;hpj;bat;for;f90</Extensions>
    </Filter>
    <Filter Include="Header Files">
      <UniqueIdentifier>{37243203-1553-4843-826b-ea333fe3b68d}</UniqueIdentifier>
      <Extensions>h;hpp;hxx;hm;inl;fi;fd</Extensions>
    </Filter>
    <Filter Include="Resource Files">
      <UniqueIdentifier>{0cf91a9f-c5f1-4701-b814-6c1c9ce6c46f}</UniqueIdentifier>
      <Extensions>ico;cur;bmp;dlg;rc2;rct;bin;cnt;rtf;gif;jpg;jpeg;jpe</Extensions>
    </Filter>
  </ItemGroup>
  <ItemGroup>
    <ClCompile Include="AChart.cpp">
      <Filter>Source Files</Filter>
    </ClCompile>
    <ClCompile Include="ACProp.cpp">
      <Filter>Source Files</Filter>
    </ClCompile>
    <ClCompile Include="AreaPage.cpp">
      <Filter>Source Files</Filter>
    </ClCompile>
    <ClCompile Include="cmp_rose.cpp">
      <Filter>Source Files</Filter>
    </ClCompile>
    <ClCompile Include="factory.cpp">
      <Filter>Source Files</Filter>
    </ClCompile>
    <ClCompile Include="GenProp.cpp">
      <Filter>Source Files</Filter>
    </ClCompile>
    <ClCompile Include="IconList.cpp">
      <Filter>Source Files</Filter>
    </ClCompile>
    <ClCompile Include="labeling.cpp">
      <Filter>Source Files</Filter>
    </ClCompile>
    <ClCompile Include="layout.cpp">
      <Filter>Source Files</Filter>
    </ClCompile>
    <ClCompile Include="PageList.cpp">
      <Filter>Source Files</Filter>
    </ClCompile>
    <ClCompile Include="PageProp.cpp">
      <Filter>Source Files</Filter>
    </ClCompile>
    <ClCompile Include="prntfile.cpp">
      <Filter>Source Files</Filter>
    </ClCompile>
    <ClCompile Include="PrntIcon.cpp">
      <Filter>Source Files</Filter>
    </ClCompile>
    <ClCompile Include="PrntPage.cpp">
      <Filter>Source Files</Filter>
    </ClCompile>
    <ClCompile Include="PrntTool.cpp">
      <Filter>Source Files</Filter>
    </ClCompile>
    <ClCompile Include="SChart.cpp">
      <Filter>Source Files</Filter>
    </ClCompile>
    <ClCompile Include="schartdh.cpp">
      <Filter>Source Files</Filter>
    </ClCompile>
    <ClCompile Include="SCProp.cpp">
      <Filter>Source Files</Filter>
    </ClCompile>
    <ClCompile Include="StdAfx.cpp">
      <Filter>Source Files</Filter>
    </ClCompile>
    <ClCompile Include="StrpPage.cpp">
      <Filter>Source Files</Filter>
    </ClCompile>
    <ClCompile Include="surf_lim.cpp">
      <Filter>Source Files</Filter>
    </ClCompile>
    <ClCompile Include="PageLayoutCommandMessageHandler.cpp">
      <Filter>Source Files</Filter>
    </ClCompile>
  </ItemGroup>
  <ItemGroup>
    <ClInclude Include="AChart.h">
      <Filter>Header Files</Filter>
    </ClInclude>
    <ClInclude Include="ACProp.h">
      <Filter>Header Files</Filter>
    </ClInclude>
    <ClInclude Include="AreaPage.h">
      <Filter>Header Files</Filter>
    </ClInclude>
    <ClInclude Include="..\include\cmp_rose.h">
      <Filter>Header Files</Filter>
    </ClInclude>
    <ClInclude Include="factory.h">
      <Filter>Header Files</Filter>
    </ClInclude>
    <ClInclude Include="GenProp.h">
      <Filter>Header Files</Filter>
    </ClInclude>
    <ClInclude Include="IconList.h">
      <Filter>Header Files</Filter>
    </ClInclude>
    <ClInclude Include="labeling.h">
      <Filter>Header Files</Filter>
    </ClInclude>
    <ClInclude Include="layout.h">
      <Filter>Header Files</Filter>
    </ClInclude>
    <ClInclude Include="PageList.h">
      <Filter>Header Files</Filter>
    </ClInclude>
    <ClInclude Include="PageProp.h">
      <Filter>Header Files</Filter>
    </ClInclude>
    <ClInclude Include="prntfile.h">
      <Filter>Header Files</Filter>
    </ClInclude>
    <ClInclude Include="PrntIcon.h">
      <Filter>Header Files</Filter>
    </ClInclude>
    <ClInclude Include="PrntPage.h">
      <Filter>Header Files</Filter>
    </ClInclude>
    <ClInclude Include="..\include\PrntTool.h">
      <Filter>Header Files</Filter>
    </ClInclude>
    <ClInclude Include="SChart.h">
      <Filter>Header Files</Filter>
    </ClInclude>
    <ClInclude Include="schartdh.h">
      <Filter>Header Files</Filter>
    </ClInclude>
    <ClInclude Include="SCProp.h">
      <Filter>Header Files</Filter>
    </ClInclude>
    <ClInclude Include="StrpPage.h">
      <Filter>Header Files</Filter>
    </ClInclude>
    <ClInclude Include="surf_lim.h">
      <Filter>Header Files</Filter>
    </ClInclude>
    <ClInclude Include="stdafx.h">
      <Filter>Header Files</Filter>
    </ClInclude>
    <ClInclude Include="PageLayoutCommandMessageHandler.h">
      <Filter>Header Files</Filter>
    </ClInclude>
  </ItemGroup>
</Project>