<?xml version="1.0" encoding="utf-8"?>
<Project ToolsVersion="4.0" xmlns="http://schemas.microsoft.com/developer/msbuild/2003">
  <ItemGroup>
    <Filter Include="Source Files">
      <UniqueIdentifier>{9de65e69-d91e-430c-8f93-83ad752815d2}</UniqueIdentifier>
      <Extensions>cpp;c;cxx;rc;def;r;odl;hpj;bat;for;f90</Extensions>
    </Filter>
    <Filter Include="Header Files">
      <UniqueIdentifier>{7e1f0442-4bc4-4c04-82e3-2a7e027b73e6}</UniqueIdentifier>
      <Extensions>h;hpp;hxx;hm;inl;fi;fd</Extensions>
    </Filter>
    <Filter Include="Resource Files">
      <UniqueIdentifier>{96b3de3f-be8e-4192-acf8-29c995de5a1d}</UniqueIdentifier>
      <Extensions>ico;cur;bmp;dlg;rc2;rct;bin;cnt;rtf;gif;jpg;jpeg;jpe</Extensions>
    </Filter>
  </ItemGroup>
  <ItemGroup>
    <ClCompile Include="colorang.cpp">
      <Filter>Source Files</Filter>
    </ClCompile>
    <ClCompile Include="env.cpp">
      <Filter>Source Files</Filter>
    </ClCompile>
    <ClCompile Include="env_pp.cpp">
      <Filter>Source Files</Filter>
    </ClCompile>
    <ClCompile Include="factory.cpp">
      <Filter>Source Files</Filter>
    </ClCompile>
    <ClCompile Include="fielddlg.cpp">
      <Filter>Source Files</Filter>
    </ClCompile>
    <ClCompile Include="search.cpp">
      <Filter>Source Files</Filter>
    </ClCompile>
    <ClCompile Include="sel_icon.cpp">
      <Filter>Source Files</Filter>
    </ClCompile>
    <ClCompile Include="shp.cpp">
      <Filter>Source Files</Filter>
    </ClCompile>
    <ClCompile Include="shp_mngr.cpp">
      <Filter>Source Files</Filter>
    </ClCompile>
    <ClCompile Include="shp_pp.cpp">
      <Filter>Source Files</Filter>
    </ClCompile>
    <ClCompile Include="shpread.cpp">
      <Filter>Source Files</Filter>
    </ClCompile>
    <ClCompile Include="stdafx.cpp">
      <Filter>Source Files</Filter>
    </ClCompile>
    <ClCompile Include="BoundariesOverlay.cpp">
      <Filter>Source Files</Filter>
    </ClCompile>
    <ClCompile Include="BoundariesOverlayPropertyPage.cpp">
      <Filter>Source Files</Filter>
    </ClCompile>
    <ClCompile Include="ShapeFil.cpp">
      <Filter>Source Files</Filter>
    </ClCompile>
  </ItemGroup>
  <ItemGroup>
    <ClInclude Include="colorang.h">
      <Filter>Header Files</Filter>
    </ClInclude>
    <ClInclude Include="..\include\env.h">
      <Filter>Header Files</Filter>
    </ClInclude>
    <ClInclude Include="env_pp.h">
      <Filter>Header Files</Filter>
    </ClInclude>
    <ClInclude Include="factory.h">
      <Filter>Header Files</Filter>
    </ClInclude>
    <ClInclude Include="fielddlg.h">
      <Filter>Header Files</Filter>
    </ClInclude>
    <ClInclude Include="sel_icon.h">
      <Filter>Header Files</Filter>
    </ClInclude>
    <ClInclude Include="shapefil.h">
      <Filter>Header Files</Filter>
    </ClInclude>
    <ClInclude Include="..\include\shp.h">
      <Filter>Header Files</Filter>
    </ClInclude>
    <ClInclude Include="shp_mngr.h">
      <Filter>Header Files</Filter>
    </ClInclude>
    <ClInclude Include="shp_pp.h">
      <Filter>Header Files</Filter>
    </ClInclude>
    <ClInclude Include="shpread.h">
      <Filter>Header Files</Filter>
    </ClInclude>
    <ClInclude Include="stdafx.h">
      <Filter>Header Files</Filter>
    </ClInclude>
    <ClInclude Include="..\include\BoundariesOverlay.h">
      <Filter>Header Files</Filter>
    </ClInclude>
    <ClInclude Include="BoundariesOverlayPropertyPage.h">
      <Filter>Header Files</Filter>
    </ClInclude>
    <ClInclude Include="StringUtils.h">
      <Filter>Header Files</Filter>
    </ClInclude>
  </ItemGroup>
</Project>