<?xml version="1.0" encoding="utf-8"?>
<Project ToolsVersion="4.0" xmlns="http://schemas.microsoft.com/developer/msbuild/2003">
  <ItemGroup>
    <Filter Include="Source Files">
      <UniqueIdentifier>{c3f93562-5674-4e6d-a5fe-98ba64ce47b9}</UniqueIdentifier>
      <Extensions>cpp;c;cxx;rc;def;r;odl;idl;hpj;bat</Extensions>
    </Filter>
    <Filter Include="Header Files">
      <UniqueIdentifier>{71e0a127-de5e-4bbf-8e8b-05bf349e8f57}</UniqueIdentifier>
      <Extensions>h;hpp;hxx;hm;inl</Extensions>
    </Filter>
  </ItemGroup>
  <ItemGroup>
    <ClCompile Include="_recordset.cpp">
      <Filter>Source Files</Filter>
    </ClCompile>
    <ClCompile Include="Dib.cpp">
      <Filter>Source Files</Filter>
    </ClCompile>
    <ClCompile Include="factory.cpp">
      <Filter>Source Files</Filter>
    </ClCompile>
    <ClCompile Include="fid.cpp">
      <Filter>Source Files</Filter>
    </ClCompile>
    <ClCompile Include="field.cpp">
      <Filter>Source Files</Filter>
    </ClCompile>
    <ClCompile Include="fields.cpp">
      <Filter>Source Files</Filter>
    </ClCompile>
    <ClCompile Include="histtransdlg.cpp">
      <Filter>Source Files</Filter>
    </ClCompile>
    <ClCompile Include="MDMLCTRL.CPP">
      <Filter>Source Files</Filter>
    </ClCompile>
    <ClCompile Include="nitf.cpp">
      <Filter>Source Files</Filter>
    </ClCompile>
    <ClCompile Include="nitf_db.cpp">
      <Filter>Source Files</Filter>
    </ClCompile>
    <ClCompile Include="NITF_QueryDlg.cpp">
      <Filter>Source Files</Filter>
    </ClCompile>
    <ClCompile Include="nitf_sql.cpp">
      <Filter>Source Files</Filter>
    </ClCompile>
    <ClCompile Include="nitf_util.cpp">
      <Filter>Source Files</Filter>
    </ClCompile>
    <ClCompile Include="NitfBrowse.cpp">
      <Filter>Source Files</Filter>
    </ClCompile>
    <ClCompile Include="NITFObj.cpp">
      <Filter>Source Files</Filter>
    </ClCompile>
    <ClCompile Include="NitfOvlOptnPage2.cpp">
      <Filter>Source Files</Filter>
    </ClCompile>
    <ClCompile Include="NitfOvlOptnPages.cpp">
      <Filter>Source Files</Filter>
    </ClCompile>
    <ClCompile Include="nitfquerydlg.cpp">
      <Filter>Source Files</Filter>
    </ClCompile>
    <ClCompile Include="nitfsourcesdlg.cpp">
      <Filter>Source Files</Filter>
    </ClCompile>
    <ClCompile Include="NITFTBClass.cpp">
      <Filter>Source Files</Filter>
    </ClCompile>
    <ClCompile Include="scroll_lb.cpp">
      <Filter>Source Files</Filter>
    </ClCompile>
    <ClCompile Include="StdAfx.cpp">
      <Filter>Source Files</Filter>
    </ClCompile>
    <ClCompile Include="WARP_QueryDlg.cpp">
      <Filter>Source Files</Filter>
    </ClCompile>
    <ClCompile Include="TacticalImageryCommandMessageHandler.cpp">
      <Filter>Source Files</Filter>
    </ClCompile>
  </ItemGroup>
  <ItemGroup>
    <ClInclude Include="_recordset.h">
      <Filter>Header Files</Filter>
    </ClInclude>
    <ClInclude Include="Dib.h">
      <Filter>Header Files</Filter>
    </ClInclude>
    <ClInclude Include="factory.h">
      <Filter>Header Files</Filter>
    </ClInclude>
    <ClInclude Include="fid.h">
      <Filter>Header Files</Filter>
    </ClInclude>
    <ClInclude Include="field.h">
      <Filter>Header Files</Filter>
    </ClInclude>
    <ClInclude Include="fields.h">
      <Filter>Header Files</Filter>
    </ClInclude>
    <ClInclude Include="histtransdlg.h">
      <Filter>Header Files</Filter>
    </ClInclude>
    <ClInclude Include="MDMLCTRL.H">
      <Filter>Header Files</Filter>
    </ClInclude>
    <ClInclude Include="..\INCLUDE\nitf.h">
      <Filter>Header Files</Filter>
    </ClInclude>
    <ClInclude Include="nitf_db.h">
      <Filter>Header Files</Filter>
    </ClInclude>
    <ClInclude Include="NITF_QueryDlg.h">
      <Filter>Header Files</Filter>
    </ClInclude>
    <ClInclude Include="nitf_util.h">
      <Filter>Header Files</Filter>
    </ClInclude>
    <ClInclude Include="NitfBrowse.h">
      <Filter>Header Files</Filter>
    </ClInclude>
    <ClInclude Include="NitfOvlOptnPage2.h">
      <Filter>Header Files</Filter>
    </ClInclude>
    <ClInclude Include="NITFOvlOptnPages.h">
      <Filter>Header Files</Filter>
    </ClInclude>
    <ClInclude Include="nitfquerydlg.h">
      <Filter>Header Files</Filter>
    </ClInclude>
    <ClInclude Include="nitfsourcesdlg.h">
      <Filter>Header Files</Filter>
    </ClInclude>
    <ClInclude Include="NITFTBClass.h">
      <Filter>Header Files</Filter>
    </ClInclude>
    <ClInclude Include="scroll_lb.h">
      <Filter>Header Files</Filter>
    </ClInclude>
    <ClInclude Include="WARP_QueryDlg.h">
      <Filter>Header Files</Filter>
    </ClInclude>
    <ClInclude Include="WebService.h">
      <Filter>Header Files</Filter>
    </ClInclude>
    <ClInclude Include="stdafx.h">
      <Filter>Header Files</Filter>
    </ClInclude>
    <ClInclude Include="TacticalImageryCommandMessageHandler.h">
      <Filter>Header Files</Filter>
    </ClInclude>
  </ItemGroup>
</Project>